
Microsoft Visual Studio Solution File, Format Version 12.00
# Visual Studio Version 17
VisualStudioVersion = 17.3.32901.215
MinimumVisualStudioVersion = 10.0.40219.1
Project("{FAE04EC0-301F-11D3-BF4B-00C04F79EFBC}") = "Demo.PrismWPF", "Demo.PrismWPF\Demo.PrismWPF.csproj", "{56FDD225-FAFA-4AA7-A4B7-260E60D56911}"
EndProject
Global
	GlobalSection(SolutionConfigurationPlatforms) = preSolution
		Debug|Any CPU = Debug|Any CPU
		Release|Any CPU = Release|Any CPU
	EndGlobalSection
	GlobalSection(ProjectConfigurationPlatforms) = postSolution
		{56FDD225-FAFA-4AA7-A4B7-260E60D56911}.Debug|Any CPU.ActiveCfg = Debug|Any CPU
		{56FDD225-FAFA-4AA7-A4B7-260E60D56911}.Debug|Any CPU.Build.0 = Debug|Any CPU
		{56FDD225-FAFA-4AA7-A4B7-260E60D56911}.Release|Any CPU.ActiveCfg = Release|Any CPU
		{56FDD225-FAFA-4AA7-A4B7-260E60D56911}.Release|Any CPU.Build.0 = Release|Any CPU
	EndGlobalSection
	GlobalSection(SolutionProperties) = preSolution
		HideSolutionNode = FALSE
	EndGlobalSection
	GlobalSection(ExtensibilityGlobals) = postSolution
		SolutionGuid = {C3DCDCD2-35FE-4EDD-BB94-D11CC5185F8B}
	EndGlobalSection
EndGlobal
