
Microsoft Visual Studio Solution File, Format Version 12.00
# Visual Studio Version 16
VisualStudioVersion = 16.0.31624.102
MinimumVisualStudioVersion = 10.0.40219.1
Project("{FAE04EC0-301F-11D3-BF4B-00C04F79EFBC}") = "Demo.ConsulCenter", "Demo.ConsulCenter\Demo.ConsulCenter.csproj", "{CC191CE3-360C-4E2A-B8D7-CD5B60BB8ACD}"
EndProject
Global
	GlobalSection(SolutionConfigurationPlatforms) = preSolution
		Debug|Any CPU = Debug|Any CPU
		Release|Any CPU = Release|Any CPU
	EndGlobalSection
	GlobalSection(ProjectConfigurationPlatforms) = postSolution
		{CC191CE3-360C-4E2A-B8D7-CD5B60BB8ACD}.Debug|Any CPU.ActiveCfg = Debug|Any CPU
		{CC191CE3-360C-4E2A-B8D7-CD5B60BB8ACD}.Debug|Any CPU.Build.0 = Debug|Any CPU
		{CC191CE3-360C-4E2A-B8D7-CD5B60BB8ACD}.Release|Any CPU.ActiveCfg = Release|Any CPU
		{CC191CE3-360C-4E2A-B8D7-CD5B60BB8ACD}.Release|Any CPU.Build.0 = Release|Any CPU
	EndGlobalSection
	GlobalSection(SolutionProperties) = preSolution
		HideSolutionNode = FALSE
	EndGlobalSection
	GlobalSection(ExtensibilityGlobals) = postSolution
		SolutionGuid = {546FF9FC-E9E3-4B92-A187-B14FAB54A55A}
	EndGlobalSection
EndGlobal
