
Microsoft Visual Studio Solution File, Format Version 12.00
# Visual Studio Version 16
VisualStudioVersion = 16.0.31624.102
MinimumVisualStudioVersion = 10.0.40219.1
Project("{FAE04EC0-301F-11D3-BF4B-00C04F79EFBC}") = "Demo.Winform", "Demo.Winform\Demo.Winform.csproj", "{D72D7FDB-4E16-4DDC-8821-120B9F6B1181}"
EndProject
Global
	GlobalSection(SolutionConfigurationPlatforms) = preSolution
		Debug|Any CPU = Debug|Any CPU
		Release|Any CPU = Release|Any CPU
	EndGlobalSection
	GlobalSection(ProjectConfigurationPlatforms) = postSolution
		{D72D7FDB-4E16-4DDC-8821-120B9F6B1181}.Debug|Any CPU.ActiveCfg = Debug|Any CPU
		{D72D7FDB-4E16-4DDC-8821-120B9F6B1181}.Debug|Any CPU.Build.0 = Debug|Any CPU
		{D72D7FDB-4E16-4DDC-8821-120B9F6B1181}.Release|Any CPU.ActiveCfg = Release|Any CPU
		{D72D7FDB-4E16-4DDC-8821-120B9F6B1181}.Release|Any CPU.Build.0 = Release|Any CPU
	EndGlobalSection
	GlobalSection(SolutionProperties) = preSolution
		HideSolutionNode = FALSE
	EndGlobalSection
	GlobalSection(ExtensibilityGlobals) = postSolution
		SolutionGuid = {B8FD513D-B156-4464-8F1F-575D77F58237}
	EndGlobalSection
EndGlobal
