
Microsoft Visual Studio Solution File, Format Version 12.00
# Visual Studio Version 16
VisualStudioVersion = 16.0.31624.102
MinimumVisualStudioVersion = 10.0.40219.1
Project("{FAE04EC0-301F-11D3-BF4B-00C04F79EFBC}") = "Demo.IocNinject", "Demo.IocNinject\Demo.IocNinject.csproj", "{7BE23AD1-CC67-41FC-9634-2A300F1C5463}"
EndProject
Global
	GlobalSection(SolutionConfigurationPlatforms) = preSolution
		Debug|Any CPU = Debug|Any CPU
		Release|Any CPU = Release|Any CPU
	EndGlobalSection
	GlobalSection(ProjectConfigurationPlatforms) = postSolution
		{7BE23AD1-CC67-41FC-9634-2A300F1C5463}.Debug|Any CPU.ActiveCfg = Debug|Any CPU
		{7BE23AD1-CC67-41FC-9634-2A300F1C5463}.Debug|Any CPU.Build.0 = Debug|Any CPU
		{7BE23AD1-CC67-41FC-9634-2A300F1C5463}.Release|Any CPU.ActiveCfg = Release|Any CPU
		{7BE23AD1-CC67-41FC-9634-2A300F1C5463}.Release|Any CPU.Build.0 = Release|Any CPU
	EndGlobalSection
	GlobalSection(SolutionProperties) = preSolution
		HideSolutionNode = FALSE
	EndGlobalSection
	GlobalSection(ExtensibilityGlobals) = postSolution
		SolutionGuid = {B7A494CF-9F26-43A7-B4D0-1C34FCAA0474}
	EndGlobalSection
EndGlobal
