
Microsoft Visual Studio Solution File, Format Version 12.00
# Visual Studio Version 16
VisualStudioVersion = 16.0.31624.102
MinimumVisualStudioVersion = 10.0.40219.1
Project("{FAE04EC0-301F-11D3-BF4B-00C04F79EFBC}") = "Demo.OcelotAPIGeteway", "Demo.OcelotAPIGeteway\Demo.OcelotAPIGeteway.csproj", "{135DFC41-F681-48FC-A346-0563C81D1181}"
EndProject
Project("{FAE04EC0-301F-11D3-BF4B-00C04F79EFBC}") = "Demo.Customers", "Demo.Customers\Demo.Customers.csproj", "{3DE94334-07CA-4FFC-BD21-98E60714E7BC}"
EndProject
Project("{FAE04EC0-301F-11D3-BF4B-00C04F79EFBC}") = "Demo.Products", "Demo.Products\Demo.Products.csproj", "{EFB6BB8A-71A3-43DE-817A-92650EC80B23}"
EndProject
Global
	GlobalSection(SolutionConfigurationPlatforms) = preSolution
		Debug|Any CPU = Debug|Any CPU
		Release|Any CPU = Release|Any CPU
	EndGlobalSection
	GlobalSection(ProjectConfigurationPlatforms) = postSolution
		{135DFC41-F681-48FC-A346-0563C81D1181}.Debug|Any CPU.ActiveCfg = Debug|Any CPU
		{135DFC41-F681-48FC-A346-0563C81D1181}.Debug|Any CPU.Build.0 = Debug|Any CPU
		{135DFC41-F681-48FC-A346-0563C81D1181}.Release|Any CPU.ActiveCfg = Release|Any CPU
		{135DFC41-F681-48FC-A346-0563C81D1181}.Release|Any CPU.Build.0 = Release|Any CPU
		{3DE94334-07CA-4FFC-BD21-98E60714E7BC}.Debug|Any CPU.ActiveCfg = Debug|Any CPU
		{3DE94334-07CA-4FFC-BD21-98E60714E7BC}.Debug|Any CPU.Build.0 = Debug|Any CPU
		{3DE94334-07CA-4FFC-BD21-98E60714E7BC}.Release|Any CPU.ActiveCfg = Release|Any CPU
		{3DE94334-07CA-4FFC-BD21-98E60714E7BC}.Release|Any CPU.Build.0 = Release|Any CPU
		{EFB6BB8A-71A3-43DE-817A-92650EC80B23}.Debug|Any CPU.ActiveCfg = Debug|Any CPU
		{EFB6BB8A-71A3-43DE-817A-92650EC80B23}.Debug|Any CPU.Build.0 = Debug|Any CPU
		{EFB6BB8A-71A3-43DE-817A-92650EC80B23}.Release|Any CPU.ActiveCfg = Release|Any CPU
		{EFB6BB8A-71A3-43DE-817A-92650EC80B23}.Release|Any CPU.Build.0 = Release|Any CPU
	EndGlobalSection
	GlobalSection(SolutionProperties) = preSolution
		HideSolutionNode = FALSE
	EndGlobalSection
	GlobalSection(ExtensibilityGlobals) = postSolution
		SolutionGuid = {C66E1E0A-EBFF-479A-A14C-CE815A4EADD4}
	EndGlobalSection
EndGlobal
