
Microsoft Visual Studio Solution File, Format Version 12.00
# Visual Studio Version 17
VisualStudioVersion = 17.3.32901.215
MinimumVisualStudioVersion = 10.0.40219.1
Project("{FAE04EC0-301F-11D3-BF4B-00C04F79EFBC}") = "Demo.PollyConsole", "Demo.PollyConsole\Demo.PollyConsole.csproj", "{A78E68CD-DD12-4A40-A7C3-6D120F9AC94D}"
EndProject
Global
	GlobalSection(SolutionConfigurationPlatforms) = preSolution
		Debug|Any CPU = Debug|Any CPU
		Release|Any CPU = Release|Any CPU
	EndGlobalSection
	GlobalSection(ProjectConfigurationPlatforms) = postSolution
		{A78E68CD-DD12-4A40-A7C3-6D120F9AC94D}.Debug|Any CPU.ActiveCfg = Debug|Any CPU
		{A78E68CD-DD12-4A40-A7C3-6D120F9AC94D}.Debug|Any CPU.Build.0 = Debug|Any CPU
		{A78E68CD-DD12-4A40-A7C3-6D120F9AC94D}.Release|Any CPU.ActiveCfg = Release|Any CPU
		{A78E68CD-DD12-4A40-A7C3-6D120F9AC94D}.Release|Any CPU.Build.0 = Release|Any CPU
	EndGlobalSection
	GlobalSection(SolutionProperties) = preSolution
		HideSolutionNode = FALSE
	EndGlobalSection
	GlobalSection(ExtensibilityGlobals) = postSolution
		SolutionGuid = {7868CF60-F113-4A0F-8ABC-76CA5D0D7A4E}
	EndGlobalSection
EndGlobal
