
Microsoft Visual Studio Solution File, Format Version 12.00
# Visual Studio Version 16
VisualStudioVersion = 16.0.31624.102
MinimumVisualStudioVersion = 10.0.40219.1
Project("{FAE04EC0-301F-11D3-BF4B-00C04F79EFBC}") = "DotnetRemoting.Client", "DotnetRemoting.Client\DotnetRemoting.Client.csproj", "{18037569-8603-4AAB-8390-9DE9274F0C2E}"
EndProject
Project("{FAE04EC0-301F-11D3-BF4B-00C04F79EFBC}") = "DotnetRemoting.RemotingObject", "DotnetRemoting.RemotingObject\DotnetRemoting.RemotingObject.csproj", "{BB016BB6-677C-4B75-B12F-0BE2EE55ED90}"
EndProject
Project("{FAE04EC0-301F-11D3-BF4B-00C04F79EFBC}") = "DotnetRemoting.Server", "DotnetRemoting.Server\DotnetRemoting.Server.csproj", "{7FE688BE-2CA3-461B-8D26-2872D306C2F6}"
EndProject
Global
	GlobalSection(SolutionConfigurationPlatforms) = preSolution
		Debug|Any CPU = Debug|Any CPU
		Release|Any CPU = Release|Any CPU
	EndGlobalSection
	GlobalSection(ProjectConfigurationPlatforms) = postSolution
		{18037569-8603-4AAB-8390-9DE9274F0C2E}.Debug|Any CPU.ActiveCfg = Debug|Any CPU
		{18037569-8603-4AAB-8390-9DE9274F0C2E}.Debug|Any CPU.Build.0 = Debug|Any CPU
		{18037569-8603-4AAB-8390-9DE9274F0C2E}.Release|Any CPU.ActiveCfg = Release|Any CPU
		{18037569-8603-4AAB-8390-9DE9274F0C2E}.Release|Any CPU.Build.0 = Release|Any CPU
		{BB016BB6-677C-4B75-B12F-0BE2EE55ED90}.Debug|Any CPU.ActiveCfg = Debug|Any CPU
		{BB016BB6-677C-4B75-B12F-0BE2EE55ED90}.Debug|Any CPU.Build.0 = Debug|Any CPU
		{BB016BB6-677C-4B75-B12F-0BE2EE55ED90}.Release|Any CPU.ActiveCfg = Release|Any CPU
		{BB016BB6-677C-4B75-B12F-0BE2EE55ED90}.Release|Any CPU.Build.0 = Release|Any CPU
		{7FE688BE-2CA3-461B-8D26-2872D306C2F6}.Debug|Any CPU.ActiveCfg = Debug|Any CPU
		{7FE688BE-2CA3-461B-8D26-2872D306C2F6}.Debug|Any CPU.Build.0 = Debug|Any CPU
		{7FE688BE-2CA3-461B-8D26-2872D306C2F6}.Release|Any CPU.ActiveCfg = Release|Any CPU
		{7FE688BE-2CA3-461B-8D26-2872D306C2F6}.Release|Any CPU.Build.0 = Release|Any CPU
	EndGlobalSection
	GlobalSection(SolutionProperties) = preSolution
		HideSolutionNode = FALSE
	EndGlobalSection
	GlobalSection(ExtensibilityGlobals) = postSolution
		SolutionGuid = {B79DBCBC-B0D9-4DFC-B151-A53F32520227}
	EndGlobalSection
EndGlobal
